{
  "name": "@robertoraggi/cxx-examples",
  "version": "1.0.0",
  "lockfileVersion": 3,
  "requires": true,
  "packages": {
    "": {
      "name": "@robertoraggi/cxx-examples",
      "version": "1.0.0",
      "license": "MIT",
      "workspaces": [
        "../packages/cxx-frontend",
        "cxx-*"
      ]
    },
    "../packages/cxx-frontend": {
      "version": "1.1.27",
      "license": "MIT",
      "devDependencies": {
        "@types/node": "^20.8.10",
        "esbuild": "^0.19.5",
        "prettier": "^3.0.3",
        "typedoc": "^0.25.3",
        "typescript": "^5.2.2",
        "zx": "^7.2.3"
      }
    },
    "cxx-browser-esm-vite": {
      "name": "@robertoraggi/cxx-browser-esm-vite",
      "version": "1.0.0",
      "extraneous": true,
      "dependencies": {
        "cxx-frontend": "^1.1.26"
      },
      "devDependencies": {
        "typescript": "^5.2.2",
        "vite": "^4.5.0"
      }
    },
    "cxx-parse": {
      "name": "@robertoraggi/cxx-parse",
      "version": "1.0.0",
      "extraneous": true,
      "license": "MIT",
      "dependencies": {
        "cxx-frontend": "^1.1.26"
      }
    },
    "cxx-parse-esm": {
      "name": "@robertoraggi/cxx-parse-esm",
      "version": "1.0.0",
      "extraneous": true,
      "license": "MIT",
      "dependencies": {
        "cxx-frontend": "^1.1.26"
      }
    },
    "node_modules/cxx-frontend": {
      "resolved": "../packages/cxx-frontend",
      "link": true
    }
  }
}
